{
  "name": "englishgame",
  "lockfileVersion": 3,
  "requires": true,
  "packages": {
    "": {
      "dependencies": {
        "canvas-text-ellipsis": "^0.0.1-beta.1"
      }
    },
    "node_modules/canvas-text-ellipsis": {
      "version": "0.0.1-beta.1",
      "resolved": "https://registry.npmjs.org/canvas-text-ellipsis/-/canvas-text-ellipsis-0.0.1-beta.1.tgz",
      "integrity": "sha512-Xr/5Nxykz/Nwo4f+CgQXivgpxgwd2a0FIEl2AnbXCFPULjVCLLMtZuC8AF6zGxQ5ASbw82pUEfBYScM3Ep+rlw=="
    }
  }
}
